
Microsoft Visual Studio Solution File, Format Version 12.00
# Visual Studio 15
VisualStudioVersion = 15.0.27428.2037
MinimumVisualStudioVersion = 10.0.40219.1
Project("{8BC9CEB8-8B4A-11D0-8D11-00A0C91BC942}") = "dibr", "dibr\dibr.vcxproj", "{85070F7E-C90A-42C2-857B-134A0E732A13}"
EndProject
Global
	GlobalSection(SolutionConfigurationPlatforms) = preSolution
		Debug|x64 = Debug|x64
		Debug|x86 = Debug|x86
		Release|x64 = Release|x64
		Release|x86 = Release|x86
	EndGlobalSection
	GlobalSection(ProjectConfigurationPlatforms) = postSolution
		{85070F7E-C90A-42C2-857B-134A0E732A13}.Debug|x64.ActiveCfg = Debug|x64
		{85070F7E-C90A-42C2-857B-134A0E732A13}.Debug|x64.Build.0 = Debug|x64
		{85070F7E-C90A-42C2-857B-134A0E732A13}.Debug|x86.ActiveCfg = Debug|Win32
		{85070F7E-C90A-42C2-857B-134A0E732A13}.Debug|x86.Build.0 = Debug|Win32
		{85070F7E-C90A-42C2-857B-134A0E732A13}.Release|x64.ActiveCfg = Release|x64
		{85070F7E-C90A-42C2-857B-134A0E732A13}.Release|x64.Build.0 = Release|x64
		{85070F7E-C90A-42C2-857B-134A0E732A13}.Release|x86.ActiveCfg = Release|Win32
		{85070F7E-C90A-42C2-857B-134A0E732A13}.Release|x86.Build.0 = Release|Win32
	EndGlobalSection
	GlobalSection(SolutionProperties) = preSolution
		HideSolutionNode = FALSE
	EndGlobalSection
	GlobalSection(ExtensibilityGlobals) = postSolution
		SolutionGuid = {0D1957C8-0F9C-4E65-950E-16E5066559F7}
	EndGlobalSection
EndGlobal
